
Microsoft Visual Studio Solution File, Format Version 12.00
# Visual Studio 15
VisualStudioVersion = 15.0.27428.2037
MinimumVisualStudioVersion = 10.0.40219.1
Project("{9A19103F-16F7-4668-BE54-9A1E7A4F7556}") = "01.RhombusOfStarss", "01.RhombusOfStarss\01.RhombusOfStarss.csproj", "{3942345F-081B-4C5B-BEA9-CF6975456AC7}"
EndProject
Project("{9A19103F-16F7-4668-BE54-9A1E7A4F7556}") = "04.HotelReservation", "04.HotelReservation\04.HotelReservation.csproj", "{CA3F8EC3-C445-4521-8016-72DDDB539AC2}"
EndProject
Project("{FAE04EC0-301F-11D3-BF4B-00C04F79EFBC}") = "02.PointInRectangle", "02.PointInRectangle\02.PointInRectangle.csproj", "{40CA62D3-A1EF-490F-A53B-BE1EB2E6F573}"
EndProject
Project("{FAE04EC0-301F-11D3-BF4B-00C04F79EFBC}") = "03.StudentSystem", "03.StudentSystem\03.StudentSystem.csproj", "{C740163C-FB79-4225-BF5C-3BA39F32EA50}"
EndProject
Global
	GlobalSection(SolutionConfigurationPlatforms) = preSolution
		Debug|Any CPU = Debug|Any CPU
		Release|Any CPU = Release|Any CPU
	EndGlobalSection
	GlobalSection(ProjectConfigurationPlatforms) = postSolution
		{3942345F-081B-4C5B-BEA9-CF6975456AC7}.Debug|Any CPU.ActiveCfg = Debug|Any CPU
		{3942345F-081B-4C5B-BEA9-CF6975456AC7}.Debug|Any CPU.Build.0 = Debug|Any CPU
		{3942345F-081B-4C5B-BEA9-CF6975456AC7}.Release|Any CPU.ActiveCfg = Release|Any CPU
		{3942345F-081B-4C5B-BEA9-CF6975456AC7}.Release|Any CPU.Build.0 = Release|Any CPU
		{CA3F8EC3-C445-4521-8016-72DDDB539AC2}.Debug|Any CPU.ActiveCfg = Debug|Any CPU
		{CA3F8EC3-C445-4521-8016-72DDDB539AC2}.Debug|Any CPU.Build.0 = Debug|Any CPU
		{CA3F8EC3-C445-4521-8016-72DDDB539AC2}.Release|Any CPU.ActiveCfg = Release|Any CPU
		{CA3F8EC3-C445-4521-8016-72DDDB539AC2}.Release|Any CPU.Build.0 = Release|Any CPU
		{40CA62D3-A1EF-490F-A53B-BE1EB2E6F573}.Debug|Any CPU.ActiveCfg = Debug|Any CPU
		{40CA62D3-A1EF-490F-A53B-BE1EB2E6F573}.Debug|Any CPU.Build.0 = Debug|Any CPU
		{40CA62D3-A1EF-490F-A53B-BE1EB2E6F573}.Release|Any CPU.ActiveCfg = Release|Any CPU
		{40CA62D3-A1EF-490F-A53B-BE1EB2E6F573}.Release|Any CPU.Build.0 = Release|Any CPU
		{C740163C-FB79-4225-BF5C-3BA39F32EA50}.Debug|Any CPU.ActiveCfg = Debug|Any CPU
		{C740163C-FB79-4225-BF5C-3BA39F32EA50}.Debug|Any CPU.Build.0 = Debug|Any CPU
		{C740163C-FB79-4225-BF5C-3BA39F32EA50}.Release|Any CPU.ActiveCfg = Release|Any CPU
		{C740163C-FB79-4225-BF5C-3BA39F32EA50}.Release|Any CPU.Build.0 = Release|Any CPU
	EndGlobalSection
	GlobalSection(SolutionProperties) = preSolution
		HideSolutionNode = FALSE
	EndGlobalSection
	GlobalSection(ExtensibilityGlobals) = postSolution
		SolutionGuid = {F7B6A4DC-37FF-4ADC-9F33-9FA24881C5F0}
	EndGlobalSection
EndGlobal
