
Microsoft Visual Studio Solution File, Format Version 12.00
# Visual Studio 15
VisualStudioVersion = 15.0.27428.2037
MinimumVisualStudioVersion = 10.0.40219.1
Project("{FAE04EC0-301F-11D3-BF4B-00C04F79EFBC}") = "Minedraft", "Minedraft\Minedraft.csproj", "{2AFA4B45-8AEC-4A20-8267-190875C5A980}"
EndProject
Global
	GlobalSection(SolutionConfigurationPlatforms) = preSolution
		Debug|Any CPU = Debug|Any CPU
		Release|Any CPU = Release|Any CPU
	EndGlobalSection
	GlobalSection(ProjectConfigurationPlatforms) = postSolution
		{2AFA4B45-8AEC-4A20-8267-190875C5A980}.Debug|Any CPU.ActiveCfg = Debug|Any CPU
		{2AFA4B45-8AEC-4A20-8267-190875C5A980}.Debug|Any CPU.Build.0 = Debug|Any CPU
		{2AFA4B45-8AEC-4A20-8267-190875C5A980}.Release|Any CPU.ActiveCfg = Release|Any CPU
		{2AFA4B45-8AEC-4A20-8267-190875C5A980}.Release|Any CPU.Build.0 = Release|Any CPU
	EndGlobalSection
	GlobalSection(SolutionProperties) = preSolution
		HideSolutionNode = FALSE
	EndGlobalSection
	GlobalSection(ExtensibilityGlobals) = postSolution
		SolutionGuid = {2339F164-8829-45EA-A295-49C079F8C524}
	EndGlobalSection
EndGlobal
