
Microsoft Visual Studio Solution File, Format Version 12.00
# Visual Studio 15
VisualStudioVersion = 15.0.27428.2037
MinimumVisualStudioVersion = 10.0.40219.1
Project("{FAE04EC0-301F-11D3-BF4B-00C04F79EFBC}") = "StorageMaster", "Storage Master\StorageMaster.csproj", "{7F209C77-2A01-4646-97D4-5377507D5F0F}"
EndProject
Global
	GlobalSection(SolutionConfigurationPlatforms) = preSolution
		Debug|Any CPU = Debug|Any CPU
		Release|Any CPU = Release|Any CPU
	EndGlobalSection
	GlobalSection(ProjectConfigurationPlatforms) = postSolution
		{7F209C77-2A01-4646-97D4-5377507D5F0F}.Debug|Any CPU.ActiveCfg = Debug|Any CPU
		{7F209C77-2A01-4646-97D4-5377507D5F0F}.Debug|Any CPU.Build.0 = Debug|Any CPU
		{7F209C77-2A01-4646-97D4-5377507D5F0F}.Release|Any CPU.ActiveCfg = Release|Any CPU
		{7F209C77-2A01-4646-97D4-5377507D5F0F}.Release|Any CPU.Build.0 = Release|Any CPU
	EndGlobalSection
	GlobalSection(SolutionProperties) = preSolution
		HideSolutionNode = FALSE
	EndGlobalSection
	GlobalSection(ExtensibilityGlobals) = postSolution
		SolutionGuid = {30D73F3A-EBEA-4F51-AD55-93B16CC79EE6}
	EndGlobalSection
EndGlobal
