
Microsoft Visual Studio Solution File, Format Version 12.00
# Visual Studio 15
VisualStudioVersion = 15.0.27428.2037
MinimumVisualStudioVersion = 10.0.40219.1
Project("{FAE04EC0-301F-11D3-BF4B-00C04F79EFBC}") = "Shapes", "Shapes\Shapes.csproj", "{3C902785-4740-4352-81FA-12B73D68B14D}"
EndProject
Project("{FAE04EC0-301F-11D3-BF4B-00C04F79EFBC}") = "Cars", "Cars\Cars.csproj", "{028AAC84-6EF5-4151-AF1E-B5AA748FBE08}"
EndProject
Global
	GlobalSection(SolutionConfigurationPlatforms) = preSolution
		Debug|Any CPU = Debug|Any CPU
		Release|Any CPU = Release|Any CPU
	EndGlobalSection
	GlobalSection(ProjectConfigurationPlatforms) = postSolution
		{3C902785-4740-4352-81FA-12B73D68B14D}.Debug|Any CPU.ActiveCfg = Debug|Any CPU
		{3C902785-4740-4352-81FA-12B73D68B14D}.Debug|Any CPU.Build.0 = Debug|Any CPU
		{3C902785-4740-4352-81FA-12B73D68B14D}.Release|Any CPU.ActiveCfg = Release|Any CPU
		{3C902785-4740-4352-81FA-12B73D68B14D}.Release|Any CPU.Build.0 = Release|Any CPU
		{028AAC84-6EF5-4151-AF1E-B5AA748FBE08}.Debug|Any CPU.ActiveCfg = Debug|Any CPU
		{028AAC84-6EF5-4151-AF1E-B5AA748FBE08}.Debug|Any CPU.Build.0 = Debug|Any CPU
		{028AAC84-6EF5-4151-AF1E-B5AA748FBE08}.Release|Any CPU.ActiveCfg = Release|Any CPU
		{028AAC84-6EF5-4151-AF1E-B5AA748FBE08}.Release|Any CPU.Build.0 = Release|Any CPU
	EndGlobalSection
	GlobalSection(SolutionProperties) = preSolution
		HideSolutionNode = FALSE
	EndGlobalSection
	GlobalSection(ExtensibilityGlobals) = postSolution
		SolutionGuid = {7964F6D9-95DF-4ACC-A12B-E11A47B0C8AE}
	EndGlobalSection
EndGlobal
