
Microsoft Visual Studio Solution File, Format Version 12.00
# Visual Studio 15
VisualStudioVersion = 15.0.27428.2037
MinimumVisualStudioVersion = 10.0.40219.1
Project("{9A19103F-16F7-4668-BE54-9A1E7A4F7556}") = "01.Vehicles", "01.Vehicles\01.Vehicles.csproj", "{09CC1F82-AA65-493B-AFCA-A0A5DE416162}"
EndProject
Project("{FAE04EC0-301F-11D3-BF4B-00C04F79EFBC}") = "02.VehicleExtension", "02.VehicleExtension\02.VehicleExtension.csproj", "{825F402C-6669-4CD9-9D31-54727C1154F8}"
EndProject
Project("{FAE04EC0-301F-11D3-BF4B-00C04F79EFBC}") = "03.WildFarm", "03.WildFarm\03.WildFarm.csproj", "{2D8A75EB-652D-47BF-A8B0-DDB2E59E1E58}"
EndProject
Global
	GlobalSection(SolutionConfigurationPlatforms) = preSolution
		Debug|Any CPU = Debug|Any CPU
		Release|Any CPU = Release|Any CPU
	EndGlobalSection
	GlobalSection(ProjectConfigurationPlatforms) = postSolution
		{09CC1F82-AA65-493B-AFCA-A0A5DE416162}.Debug|Any CPU.ActiveCfg = Debug|Any CPU
		{09CC1F82-AA65-493B-AFCA-A0A5DE416162}.Debug|Any CPU.Build.0 = Debug|Any CPU
		{09CC1F82-AA65-493B-AFCA-A0A5DE416162}.Release|Any CPU.ActiveCfg = Release|Any CPU
		{09CC1F82-AA65-493B-AFCA-A0A5DE416162}.Release|Any CPU.Build.0 = Release|Any CPU
		{825F402C-6669-4CD9-9D31-54727C1154F8}.Debug|Any CPU.ActiveCfg = Debug|Any CPU
		{825F402C-6669-4CD9-9D31-54727C1154F8}.Debug|Any CPU.Build.0 = Debug|Any CPU
		{825F402C-6669-4CD9-9D31-54727C1154F8}.Release|Any CPU.ActiveCfg = Release|Any CPU
		{825F402C-6669-4CD9-9D31-54727C1154F8}.Release|Any CPU.Build.0 = Release|Any CPU
		{2D8A75EB-652D-47BF-A8B0-DDB2E59E1E58}.Debug|Any CPU.ActiveCfg = Debug|Any CPU
		{2D8A75EB-652D-47BF-A8B0-DDB2E59E1E58}.Debug|Any CPU.Build.0 = Debug|Any CPU
		{2D8A75EB-652D-47BF-A8B0-DDB2E59E1E58}.Release|Any CPU.ActiveCfg = Release|Any CPU
		{2D8A75EB-652D-47BF-A8B0-DDB2E59E1E58}.Release|Any CPU.Build.0 = Release|Any CPU
	EndGlobalSection
	GlobalSection(SolutionProperties) = preSolution
		HideSolutionNode = FALSE
	EndGlobalSection
	GlobalSection(ExtensibilityGlobals) = postSolution
		SolutionGuid = {D4AAF422-4CD1-4A6E-94B9-1A817BE0F100}
	EndGlobalSection
EndGlobal
